
Microsoft Visual Studio Solution File, Format Version 12.00
# Visual Studio Version 16
VisualStudioVersion = 16.0.31702.278
MinimumVisualStudioVersion = 10.0.40219.1
Project("{FAE04EC0-301F-11D3-BF4B-00C04F79EFBC}") = "SimpleSnake", "SimpleSnake\SimpleSnake.csproj", "{280DD193-09E9-4694-AD0B-0C380E20E8BC}"
EndProject
Global
	GlobalSection(SolutionConfigurationPlatforms) = preSolution
		Debug|Any CPU = Debug|Any CPU
		Release|Any CPU = Release|Any CPU
	EndGlobalSection
	GlobalSection(ProjectConfigurationPlatforms) = postSolution
		{280DD193-09E9-4694-AD0B-0C380E20E8BC}.Debug|Any CPU.ActiveCfg = Debug|Any CPU
		{280DD193-09E9-4694-AD0B-0C380E20E8BC}.Debug|Any CPU.Build.0 = Debug|Any CPU
		{280DD193-09E9-4694-AD0B-0C380E20E8BC}.Release|Any CPU.ActiveCfg = Release|Any CPU
		{280DD193-09E9-4694-AD0B-0C380E20E8BC}.Release|Any CPU.Build.0 = Release|Any CPU
	EndGlobalSection
	GlobalSection(SolutionProperties) = preSolution
		HideSolutionNode = FALSE
	EndGlobalSection
	GlobalSection(ExtensibilityGlobals) = postSolution
		SolutionGuid = {F580D0C2-C56F-4747-834F-339F37A7B2CE}
	EndGlobalSection
EndGlobal
